
Microsoft Visual Studio Solution File, Format Version 12.00
# Visual Studio Version 17
VisualStudioVersion = 17.8.34330.188
MinimumVisualStudioVersion = 10.0.40219.1
Project("{FAE04EC0-301F-11D3-BF4B-00C04F79EFBC}") = "WebAppProject2", "WebAppProject2\WebAppProject2.csproj", "{36CB5E9D-57DB-4D86-88CA-5C23876E913A}"
EndProject
Global
	GlobalSection(SolutionConfigurationPlatforms) = preSolution
		Debug|Any CPU = Debug|Any CPU
		Release|Any CPU = Release|Any CPU
	EndGlobalSection
	GlobalSection(ProjectConfigurationPlatforms) = postSolution
		{36CB5E9D-57DB-4D86-88CA-5C23876E913A}.Debug|Any CPU.ActiveCfg = Debug|Any CPU
		{36CB5E9D-57DB-4D86-88CA-5C23876E913A}.Debug|Any CPU.Build.0 = Debug|Any CPU
		{36CB5E9D-57DB-4D86-88CA-5C23876E913A}.Release|Any CPU.ActiveCfg = Release|Any CPU
		{36CB5E9D-57DB-4D86-88CA-5C23876E913A}.Release|Any CPU.Build.0 = Release|Any CPU
	EndGlobalSection
	GlobalSection(SolutionProperties) = preSolution
		HideSolutionNode = FALSE
	EndGlobalSection
	GlobalSection(ExtensibilityGlobals) = postSolution
		SolutionGuid = {58B20CF3-67AB-4D25-8F1A-64E32440E181}
	EndGlobalSection
EndGlobal
